# THIS IS AN AUTOGENERATED FILE. DO NOT EDIT THIS FILE DIRECTLY.
# yarn lockfile v1


rcon-client@^4.2.0:
  version "4.2.0"
  resolved "https://registry.yarnpkg.com/rcon-client/-/rcon-client-4.2.0.tgz#dbd4de7a06eccaf3988b94abe17fe1ac51665cda"
  integrity sha512-PXoGQiO6ztssnveLkY/AqMnokuzv+Ml8Zij65fYQ98N873KP2eiV+DbN3rijC7vfMgyy2DSKZ2gjoGD9iCPjVg==
  dependencies:
    typed-emitter "^0.1.0"

typed-emitter@^0.1.0:
  version "0.1.0"
  resolved "https://registry.yarnpkg.com/typed-emitter/-/typed-emitter-0.1.0.tgz#ca532f100ccbf850e3a73b8ebf43d43e4f1f3849"
  integrity sha512-Tfay0l6gJMP5rkil8CzGbLthukn+9BN/VXWcABVFPjOoelJ+koW8BuPZYk+h/L+lEeIp1fSzVRiWRPIjKVjPdg==
