{
  "requires": true,
  "lockfileVersion": 1,
  "dependencies": {
    "node-fetch": {
      "version": "2.6.0",
      "resolved": "https://registry.npmjs.org/node-fetch/-/node-fetch-2.6.0.tgz",
      "integrity": "sha512-8dG4H5ujfvFiqDmVu9fQ5bOHUC15JMjMY/Zumv26oOvvVJjM67KF8koCWIabKQ1GJIa9r2mMZscBq/TbdOcmNA=="
    },
    "rcon-client": {
      "version": "4.2.0",
      "resolved": "https://registry.npmjs.org/rcon-client/-/rcon-client-4.2.0.tgz",
      "integrity": "sha512-PXoGQiO6ztssnveLkY/AqMnokuzv+Ml8Zij65fYQ98N873KP2eiV+DbN3rijC7vfMgyy2DSKZ2gjoGD9iCPjVg==",
      "requires": {
        "typed-emitter": "^0.1.0"
      }
    },
    "typed-emitter": {
      "version": "0.1.0",
      "resolved": "https://registry.npmjs.org/typed-emitter/-/typed-emitter-0.1.0.tgz",
      "integrity": "sha512-Tfay0l6gJMP5rkil8CzGbLthukn+9BN/VXWcABVFPjOoelJ+koW8BuPZYk+h/L+lEeIp1fSzVRiWRPIjKVjPdg=="
    }
  }
}
